lock_version: plan-package-lock@0.1.0
plan_name: unknown-discovery-gcr-order
repo_name: agent-skills-repo
project_archetype: skill-asset-governance-repo
route_version: plan-truth-routes@2026-07-22
template_version: plan-package@0.1.0
source_conversation: <home>/antigravity/gemini_research/gcr/047d548af8f8e34c-conversation.md
input_registry: inputs/plan-package-inputs.yaml
plan_package_input_policy: registry-order-then-packet-state
semantic_arbitration_claim_data: data/semantic_arbitration_claims.json
semantic_arbitration_status: candidate_until_human_admit
agy_execution_profile: data/agy_execution_experience.json
frozen_source_sha256: 8fe152eb94179a56b6bd1b43a40c50690741ddf2ebc3a95c6b7b5e05776372a4
lineage_sink: prototype/unknown-discovery-gcr-order/agent-skills-repo/small-loop/lineage/intent-to-artifact.yaml
invariants_sink: prototype/unknown-discovery-gcr-order/agent-skills-repo/small-loop/invariants/agent-skills-repo/production-invariants.md
commit_message_traceability_hook: .githooks/commit-msg
commit_message_traceability_validator: scripts/validate_commit_message.py
molecular_commit_lineage_validator: scripts/validate_molecular_commit_lineage.py
molecular_commit_lineage_ledger: data/commit_lineage/gcr_molecular_commits.json
molecular_commit_lineage_verification_run: data/verification_runs/gcr_three_surface_commit_traceability_2026-07-27.json
iteration_auto_context: docs/plans/2026-07-22-unknown-discovery-gcr-order/invariants/agent-skills-repo/2026-07-23-draft-quality-feedback.md
emergent_prompt_context: loop_wiki/evolve-unknown-discovery-plan-truth/data/agy-replay-execution-report.json
route_result_context_packet: <host-repo>/loop_wiki/evolve-unknown-discovery-plan-truth/packets/outbox/route-result-agy-replay-execution.yaml
final_repo_small_loop_policy: forbidden
